// !$*UTF8*$!
{
	archiveVersion = 1;
	classes = {
	};
	objectVersion = 46;
	objects = {

/* Begin PBXBuildFile section */
		87AB885B1E0F9E2200A9009D /* SantaRealmManager.swift in Sources */ = {isa = PBXBuildFile; fileRef = 87AB885A1E0F9E2200A9009D /* SantaRealmManager.swift */; };
		87D3A2731E0F725F00798B2A /* AppDelegate.swift in Sources */ = {isa = PBXBuildFile; fileRef = 87D3A2721E0F725F00798B2A /* AppDelegate.swift */; };
		87D3A2781E0F725F00798B2A /* Main.storyboard in Resources */ = {isa = PBXBuildFile; fileRef = 87D3A2761E0F725F00798B2A /* Main.storyboard */; };
		87D3A27A1E0F725F00798B2A /* Assets.xcassets in Resources */ = {isa = PBXBuildFile; fileRef = 87D3A2791E0F725F00798B2A /* Assets.xcassets */; };
		87D3A27D1E0F725F00798B2A /* LaunchScreen.storyboard in Resources */ = {isa = PBXBuildFile; fileRef = 87D3A27B1E0F725F00798B2A /* LaunchScreen.storyboard */; };
		87D3A2851E0F75A100798B2A /* SantaTrackerViewController.swift in Sources */ = {isa = PBXBuildFile; fileRef = 87D3A2841E0F75A100798B2A /* SantaTrackerViewController.swift */; };
		87D3A2881E0F769200798B2A /* MapKit.framework in Frameworks */ = {isa = PBXBuildFile; fileRef = 87D3A2871E0F769200798B2A /* MapKit.framework */; };
		87D3A28A1E0F7B0800798B2A /* Santa.swift in Sources */ = {isa = PBXBuildFile; fileRef = 87D3A2891E0F7B0800798B2A /* Santa.swift */; };
		87D3A28C1E0F7BA900798B2A /* Location.swift in Sources */ = {isa = PBXBuildFile; fileRef = 87D3A28B1E0F7BA900798B2A /* Location.swift */; };
		87D3A28E1E0F7EA900798B2A /* MapManager.swift in Sources */ = {isa = PBXBuildFile; fileRef = 87D3A28D1E0F7EA900798B2A /* MapManager.swift */; };
		87D3A2901E0F888000798B2A /* Stop.swift in Sources */ = {isa = PBXBuildFile; fileRef = 87D3A28F1E0F888000798B2A /* Stop.swift */; };
		87D3A2921E0F89DD00798B2A /* Activity.swift in Sources */ = {isa = PBXBuildFile; fileRef = 87D3A2911E0F89DD00798B2A /* Activity.swift */; };
		B848FAD18514FF047AB9F301 /* Pods_RealmSantaTracker.framework in Frameworks */ = {isa = PBXBuildFile; fileRef = 91D90C34788B5D3AC2C03773 /* Pods_RealmSantaTracker.framework */; };
/* End PBXBuildFile section */

/* Begin PBXFileReference section */
		87AB885A1E0F9E2200A9009D /* SantaRealmManager.swift */ = {isa = PBXFileReference; fileEncoding = 4; lastKnownFileType = sourcecode.swift; path = SantaRealmManager.swift; sourceTree = "<group>"; };
		87AB885C1E0FACBD00A9009D /* RealmSantaTracker.entitlements */ = {isa = PBXFileReference; lastKnownFileType = text.plist.entitlements; path = RealmSantaTracker.entitlements; sourceTree = "<group>"; };
		87D3A26F1E0F725F00798B2A /* RealmSantaTracker.app */ = {isa = PBXFileReference; explicitFileType = wrapper.application; includeInIndex = 0; path = RealmSantaTracker.app; sourceTree = BUILT_PRODUCTS_DIR; };
		87D3A2721E0F725F00798B2A /* AppDelegate.swift */ = {isa = PBXFileReference; lastKnownFileType = sourcecode.swift; path = AppDelegate.swift; sourceTree = "<group>"; };
		87D3A2771E0F725F00798B2A /* Base */ = {isa = PBXFileReference; lastKnownFileType = file.storyboard; name = Base; path = Base.lproj/Main.storyboard; sourceTree = "<group>"; };
		87D3A2791E0F725F00798B2A /* Assets.xcassets */ = {isa = PBXFileReference; lastKnownFileType = folder.assetcatalog; path = Assets.xcassets; sourceTree = "<group>"; };
		87D3A27C1E0F725F00798B2A /* Base */ = {isa = PBXFileReference; lastKnownFileType = file.storyboard; name = Base; path = Base.lproj/LaunchScreen.storyboard; sourceTree = "<group>"; };
		87D3A27E1E0F725F00798B2A /* Info.plist */ = {isa = PBXFileReference; lastKnownFileType = text.plist.xml; path = Info.plist; sourceTree = "<group>"; };
		87D3A2841E0F75A100798B2A /* SantaTrackerViewController.swift */ = {isa = PBXFileReference; fileEncoding = 4; lastKnownFileType = sourcecode.swift; path = SantaTrackerViewController.swift; sourceTree = "<group>"; };
		87D3A2871E0F769200798B2A /* MapKit.framework */ = {isa = PBXFileReference; lastKnownFileType = wrapper.framework; name = MapKit.framework; path = System/Library/Frameworks/MapKit.framework; sourceTree = SDKROOT; };
		87D3A2891E0F7B0800798B2A /* Santa.swift */ = {isa = PBXFileReference; fileEncoding = 4; lastKnownFileType = sourcecode.swift; path = Santa.swift; sourceTree = "<group>"; };
		87D3A28B1E0F7BA900798B2A /* Location.swift */ = {isa = PBXFileReference; fileEncoding = 4; lastKnownFileType = sourcecode.swift; path = Location.swift; sourceTree = "<group>"; };
		87D3A28D1E0F7EA900798B2A /* MapManager.swift */ = {isa = PBXFileReference; fileEncoding = 4; lastKnownFileType = sourcecode.swift; path = MapManager.swift; sourceTree = "<group>"; };
		87D3A28F1E0F888000798B2A /* Stop.swift */ = {isa = PBXFileReference; fileEncoding = 4; lastKnownFileType = sourcecode.swift; path = Stop.swift; sourceTree = "<group>"; };
		87D3A2911E0F89DD00798B2A /* Activity.swift */ = {isa = PBXFileReference; fileEncoding = 4; lastKnownFileType = sourcecode.swift; path = Activity.swift; sourceTree = "<group>"; };
		91D90C34788B5D3AC2C03773 /* Pods_RealmSantaTracker.framework */ = {isa = PBXFileReference; explicitFileType = wrapper.framework; includeInIndex = 0; path = Pods_RealmSantaTracker.framework; sourceTree = BUILT_PRODUCTS_DIR; };
		CD599AE4FB895250E7E0DCF0 /* Pods-RealmSantaTracker.release.xcconfig */ = {isa = PBXFileReference; includeInIndex = 1; lastKnownFileType = text.xcconfig; name = "Pods-RealmSantaTracker.release.xcconfig"; path = "Pods/Target Support Files/Pods-RealmSantaTracker/Pods-RealmSantaTracker.release.xcconfig"; sourceTree = "<group>"; };
		FE41D062F99666ED202314A2 /* Pods-RealmSantaTracker.debug.xcconfig */ = {isa = PBXFileReference; includeInIndex = 1; lastKnownFileType = text.xcconfig; name = "Pods-RealmSantaTracker.debug.xcconfig"; path = "Pods/Target Support Files/Pods-RealmSantaTracker/Pods-RealmSantaTracker.debug.xcconfig"; sourceTree = "<group>"; };
/* End PBXFileReference section */

/* Begin PBXFrameworksBuildPhase section */
		87D3A26C1E0F725F00798B2A /* Frameworks */ = {
			isa = PBXFrameworksBuildPhase;
			buildActionMask = 2147483647;
			files = (
				87D3A2881E0F769200798B2A /* MapKit.framework in Frameworks */,
				B848FAD18514FF047AB9F301 /* Pods_RealmSantaTracker.framework in Frameworks */,
			);
			runOnlyForDeploymentPostprocessing = 0;
		};
/* End PBXFrameworksBuildPhase section */

/* Begin PBXGroup section */
		0AA387B8F590E1717966AE21 /* Pods */ = {
			isa = PBXGroup;
			children = (
				FE41D062F99666ED202314A2 /* Pods-RealmSantaTracker.debug.xcconfig */,
				CD599AE4FB895250E7E0DCF0 /* Pods-RealmSantaTracker.release.xcconfig */,
			);
			name = Pods;
			sourceTree = "<group>";
		};
		87D3A2661E0F725E00798B2A = {
			isa = PBXGroup;
			children = (
				87D3A2711E0F725F00798B2A /* RealmSantaTracker */,
				87D3A2701E0F725F00798B2A /* Products */,
				87D3A2861E0F769200798B2A /* Frameworks */,
				0AA387B8F590E1717966AE21 /* Pods */,
			);
			sourceTree = "<group>";
		};
		87D3A2701E0F725F00798B2A /* Products */ = {
			isa = PBXGroup;
			children = (
				87D3A26F1E0F725F00798B2A /* RealmSantaTracker.app */,
			);
			name = Products;
			sourceTree = "<group>";
		};
		87D3A2711E0F725F00798B2A /* RealmSantaTracker */ = {
			isa = PBXGroup;
			children = (
				87AB885C1E0FACBD00A9009D /* RealmSantaTracker.entitlements */,
				87D3A2721E0F725F00798B2A /* AppDelegate.swift */,
				87D3A2841E0F75A100798B2A /* SantaTrackerViewController.swift */,
				87D3A2891E0F7B0800798B2A /* Santa.swift */,
				87D3A28B1E0F7BA900798B2A /* Location.swift */,
				87D3A28F1E0F888000798B2A /* Stop.swift */,
				87D3A2911E0F89DD00798B2A /* Activity.swift */,
				87D3A28D1E0F7EA900798B2A /* MapManager.swift */,
				87AB885A1E0F9E2200A9009D /* SantaRealmManager.swift */,
				87D3A2761E0F725F00798B2A /* Main.storyboard */,
				87D3A2791E0F725F00798B2A /* Assets.xcassets */,
				87D3A27B1E0F725F00798B2A /* LaunchScreen.storyboard */,
				87D3A27E1E0F725F00798B2A /* Info.plist */,
			);
			path = RealmSantaTracker;
			sourceTree = "<group>";
		};
		87D3A2861E0F769200798B2A /* Frameworks */ = {
			isa = PBXGroup;
			children = (
				87D3A2871E0F769200798B2A /* MapKit.framework */,
				91D90C34788B5D3AC2C03773 /* Pods_RealmSantaTracker.framework */,
			);
			name = Frameworks;
			sourceTree = "<group>";
		};
/* End PBXGroup section */

/* Begin PBXNativeTarget section */
		87D3A26E1E0F725F00798B2A /* RealmSantaTracker */ = {
			isa = PBXNativeTarget;
			buildConfigurationList = 87D3A2811E0F725F00798B2A /* Build configuration list for PBXNativeTarget "RealmSantaTracker" */;
			buildPhases = (
				53B2455129B6AC8996A3D3E6 /* [CP] Check Pods Manifest.lock */,
				87D3A26B1E0F725F00798B2A /* Sources */,
				87D3A26C1E0F725F00798B2A /* Frameworks */,
				87D3A26D1E0F725F00798B2A /* Resources */,
				12600A9422580E7A78438730 /* [CP] Embed Pods Frameworks */,
				D8A907C8D6A2D0103AC8E802 /* [CP] Copy Pods Resources */,
			);
			buildRules = (
			);
			dependencies = (
			);
			name = RealmSantaTracker;
			productName = RealmSantaTracker;
			productReference = 87D3A26F1E0F725F00798B2A /* RealmSantaTracker.app */;
			productType = "com.apple.product-type.application";
		};
/* End PBXNativeTarget section */

/* Begin PBXProject section */
		87D3A2671E0F725E00798B2A /* Project object */ = {
			isa = PBXProject;
			attributes = {
				LastSwiftUpdateCheck = 0820;
				LastUpgradeCheck = 0820;
				ORGANIZATIONNAME = "Keita Ito";
				TargetAttributes = {
					87D3A26E1E0F725F00798B2A = {
						CreatedOnToolsVersion = 8.2.1;
						DevelopmentTeam = D433NUFZ5K;
						ProvisioningStyle = Automatic;
						SystemCapabilities = {
							com.apple.Keychain = {
								enabled = 1;
							};
							com.apple.Maps.iOS = {
								enabled = 0;
							};
						};
					};
				};
			};
			buildConfigurationList = 87D3A26A1E0F725E00798B2A /* Build configuration list for PBXProject "RealmSantaTracker" */;
			compatibilityVersion = "Xcode 3.2";
			developmentRegion = English;
			hasScannedForEncodings = 0;
			knownRegions = (
				en,
				Base,
			);
			mainGroup = 87D3A2661E0F725E00798B2A;
			productRefGroup = 87D3A2701E0F725F00798B2A /* Products */;
			projectDirPath = "";
			projectRoot = "";
			targets = (
				87D3A26E1E0F725F00798B2A /* RealmSantaTracker */,
			);
		};
/* End PBXProject section */

/* Begin PBXResourcesBuildPhase section */
		87D3A26D1E0F725F00798B2A /* Resources */ = {
			isa = PBXResourcesBuildPhase;
			buildActionMask = 2147483647;
			files = (
				87D3A27D1E0F725F00798B2A /* LaunchScreen.storyboard in Resources */,
				87D3A27A1E0F725F00798B2A /* Assets.xcassets in Resources */,
				87D3A2781E0F725F00798B2A /* Main.storyboard in Resources */,
			);
			runOnlyForDeploymentPostprocessing = 0;
		};
/* End PBXResourcesBuildPhase section */

/* Begin PBXShellScriptBuildPhase section */
		12600A9422580E7A78438730 /* [CP] Embed Pods Frameworks */ = {
			isa = PBXShellScriptBuildPhase;
			buildActionMask = 2147483647;
			files = (
			);
			inputPaths = (
			);
			name = "[CP] Embed Pods Frameworks";
			outputPaths = (
			);
			runOnlyForDeploymentPostprocessing = 0;
			shellPath = /bin/sh;
			shellScript = "\"${SRCROOT}/Pods/Target Support Files/Pods-RealmSantaTracker/Pods-RealmSantaTracker-frameworks.sh\"\n";
			showEnvVarsInLog = 0;
		};
		53B2455129B6AC8996A3D3E6 /* [CP] Check Pods Manifest.lock */ = {
			isa = PBXShellScriptBuildPhase;
			buildActionMask = 2147483647;
			files = (
			);
			inputPaths = (
			);
			name = "[CP] Check Pods Manifest.lock";
			outputPaths = (
			);
			runOnlyForDeploymentPostprocessing = 0;
			shellPath = /bin/sh;
			shellScript = "diff \"${PODS_ROOT}/../Podfile.lock\" \"${PODS_ROOT}/Manifest.lock\" > /dev/null\nif [ $? != 0 ] ; then\n    # print error to STDERR\n    echo \"error: The sandbox is not in sync with the Podfile.lock. Run 'pod install' or update your CocoaPods installation.\" >&2\n    exit 1\nfi\n";
			showEnvVarsInLog = 0;
		};
		D8A907C8D6A2D0103AC8E802 /* [CP] Copy Pods Resources */ = {
			isa = PBXShellScriptBuildPhase;
			buildActionMask = 2147483647;
			files = (
			);
			inputPaths = (
			);
			name = "[CP] Copy Pods Resources";
			outputPaths = (
			);
			runOnlyForDeploymentPostprocessing = 0;
			shellPath = /bin/sh;
			shellScript = "\"${SRCROOT}/Pods/Target Support Files/Pods-RealmSantaTracker/Pods-RealmSantaTracker-resources.sh\"\n";
			showEnvVarsInLog = 0;
		};
/* End PBXShellScriptBuildPhase section */

/* Begin PBXSourcesBuildPhase section */
		87D3A26B1E0F725F00798B2A /* Sources */ = {
			isa = PBXSourcesBuildPhase;
			buildActionMask = 2147483647;
			files = (
				87D3A2851E0F75A100798B2A /* SantaTrackerViewController.swift in Sources */,
				87D3A28E1E0F7EA900798B2A /* MapManager.swift in Sources */,
				87D3A2921E0F89DD00798B2A /* Activity.swift in Sources */,
				87D3A2731E0F725F00798B2A /* AppDelegate.swift in Sources */,
				87D3A28C1E0F7BA900798B2A /* Location.swift in Sources */,
				87AB885B1E0F9E2200A9009D /* SantaRealmManager.swift in Sources */,
				87D3A28A1E0F7B0800798B2A /* Santa.swift in Sources */,
				87D3A2901E0F888000798B2A /* Stop.swift in Sources */,
			);
			runOnlyForDeploymentPostprocessing = 0;
		};
/* End PBXSourcesBuildPhase section */

/* Begin PBXVariantGroup section */
		87D3A2761E0F725F00798B2A /* Main.storyboard */ = {
			isa = PBXVariantGroup;
			children = (
				87D3A2771E0F725F00798B2A /* Base */,
			);
			name = Main.storyboard;
			sourceTree = "<group>";
		};
		87D3A27B1E0F725F00798B2A /* LaunchScreen.storyboard */ = {
			isa = PBXVariantGroup;
			children = (
				87D3A27C1E0F725F00798B2A /* Base */,
			);
			name = LaunchScreen.storyboard;
			sourceTree = "<group>";
		};
/* End PBXVariantGroup section */

/* Begin XCBuildConfiguration section */
		87D3A27F1E0F725F00798B2A /* Debug */ = {
			isa = XCBuildConfiguration;
			buildSettings = {
				ALWAYS_SEARCH_USER_PATHS = NO;
				CLANG_ANALYZER_NONNULL = YES;
				CLANG_CXX_LANGUAGE_STANDARD = "gnu++0x";
				CLANG_CXX_LIBRARY = "libc++";
				CLANG_ENABLE_MODULES = YES;
				CLANG_ENABLE_OBJC_ARC = YES;
				CLANG_WARN_BOOL_CONVERSION = YES;
				CLANG_WARN_CONSTANT_CONVERSION = YES;
				CLANG_WARN_DIRECT_OBJC_ISA_USAGE = YES_ERROR;
				CLANG_WARN_DOCUMENTATION_COMMENTS = YES;
				CLANG_WARN_EMPTY_BODY = YES;
				CLANG_WARN_ENUM_CONVERSION = YES;
				CLANG_WARN_INFINITE_RECURSION = YES;
				CLANG_WARN_INT_CONVERSION = YES;
				CLANG_WARN_OBJC_ROOT_CLASS = YES_ERROR;
				CLANG_WARN_SUSPICIOUS_MOVE = YES;
				CLANG_WARN_UNREACHABLE_CODE = YES;
				CLANG_WARN__DUPLICATE_METHOD_MATCH = YES;
				"CODE_SIGN_IDENTITY[sdk=iphoneos*]" = "iPhone Developer";
				COPY_PHASE_STRIP = NO;
				DEBUG_INFORMATION_FORMAT = dwarf;
				ENABLE_STRICT_OBJC_MSGSEND = YES;
				ENABLE_TESTABILITY = YES;
				GCC_C_LANGUAGE_STANDARD = gnu99;
				GCC_DYNAMIC_NO_PIC = NO;
				GCC_NO_COMMON_BLOCKS = YES;
				GCC_OPTIMIZATION_LEVEL = 0;
				GCC_PREPROCESSOR_DEFINITIONS = (
					"DEBUG=1",
					"$(inherited)",
				);
				GCC_WARN_64_TO_32_BIT_CONVERSION = YES;
				GCC_WARN_ABOUT_RETURN_TYPE = YES_ERROR;
				GCC_WARN_UNDECLARED_SELECTOR = YES;
				GCC_WARN_UNINITIALIZED_AUTOS = YES_AGGRESSIVE;
				GCC_WARN_UNUSED_FUNCTION = YES;
				GCC_WARN_UNUSED_VARIABLE = YES;
				IPHONEOS_DEPLOYMENT_TARGET = 10.2;
				MTL_ENABLE_DEBUG_INFO = YES;
				ONLY_ACTIVE_ARCH = YES;
				SDKROOT = iphoneos;
				SWIFT_ACTIVE_COMPILATION_CONDITIONS = DEBUG;
				SWIFT_OPTIMIZATION_LEVEL = "-Onone";
			};
			name = Debug;
		};
		87D3A2801E0F725F00798B2A /* Release */ = {
			isa = XCBuildConfiguration;
			buildSettings = {
				ALWAYS_SEARCH_USER_PATHS = NO;
				CLANG_ANALYZER_NONNULL = YES;
				CLANG_CXX_LANGUAGE_STANDARD = "gnu++0x";
				CLANG_CXX_LIBRARY = "libc++";
				CLANG_ENABLE_MODULES = YES;
				CLANG_ENABLE_OBJC_ARC = YES;
				CLANG_WARN_BOOL_CONVERSION = YES;
				CLANG_WARN_CONSTANT_CONVERSION = YES;
				CLANG_WARN_DIRECT_OBJC_ISA_USAGE = YES_ERROR;
				CLANG_WARN_DOCUMENTATION_COMMENTS = YES;
				CLANG_WARN_EMPTY_BODY = YES;
				CLANG_WARN_ENUM_CONVERSION = YES;
				CLANG_WARN_INFINITE_RECURSION = YES;
				CLANG_WARN_INT_CONVERSION = YES;
				CLANG_WARN_OBJC_ROOT_CLASS = YES_ERROR;
				CLANG_WARN_SUSPICIOUS_MOVE = YES;
				CLANG_WARN_UNREACHABLE_CODE = YES;
				CLANG_WARN__DUPLICATE_METHOD_MATCH = YES;
				"CODE_SIGN_IDENTITY[sdk=iphoneos*]" = "iPhone Developer";
				COPY_PHASE_STRIP = NO;
				DEBUG_INFORMATION_FORMAT = "dwarf-with-dsym";
				ENABLE_NS_ASSERTIONS = NO;
				ENABLE_STRICT_OBJC_MSGSEND = YES;
				GCC_C_LANGUAGE_STANDARD = gnu99;
				GCC_NO_COMMON_BLOCKS = YES;
				GCC_WARN_64_TO_32_BIT_CONVERSION = YES;
				GCC_WARN_ABOUT_RETURN_TYPE = YES_ERROR;
				GCC_WARN_UNDECLARED_SELECTOR = YES;
				GCC_WARN_UNINITIALIZED_AUTOS = YES_AGGRESSIVE;
				GCC_WARN_UNUSED_FUNCTION = YES;
				GCC_WARN_UNUSED_VARIABLE = YES;
				IPHONEOS_DEPLOYMENT_TARGET = 10.2;
				MTL_ENABLE_DEBUG_INFO = NO;
				SDKROOT = iphoneos;
				SWIFT_OPTIMIZATION_LEVEL = "-Owholemodule";
				VALIDATE_PRODUCT = YES;
			};
			name = Release;
		};
		87D3A2821E0F725F00798B2A /* Debug */ = {
			isa = XCBuildConfiguration;
			baseConfigurationReference = FE41D062F99666ED202314A2 /* Pods-RealmSantaTracker.debug.xcconfig */;
			buildSettings = {
				ASSETCATALOG_COMPILER_APPICON_NAME = AppIcon;
				CODE_SIGN_ENTITLEMENTS = RealmSantaTracker/RealmSantaTracker.entitlements;
				DEVELOPMENT_TEAM = D433NUFZ5K;
				INFOPLIST_FILE = RealmSantaTracker/Info.plist;
				LD_RUNPATH_SEARCH_PATHS = "$(inherited) @executable_path/Frameworks";
				PRODUCT_BUNDLE_IDENTIFIER = com.keitaito.RealmSantaTracker;
				PRODUCT_NAME = "$(TARGET_NAME)";
				SWIFT_VERSION = 3.0;
			};
			name = Debug;
		};
		87D3A2831E0F725F00798B2A /* Release */ = {
			isa = XCBuildConfiguration;
			baseConfigurationReference = CD599AE4FB895250E7E0DCF0 /* Pods-RealmSantaTracker.release.xcconfig */;
			buildSettings = {
				ASSETCATALOG_COMPILER_APPICON_NAME = AppIcon;
				CODE_SIGN_ENTITLEMENTS = RealmSantaTracker/RealmSantaTracker.entitlements;
				DEVELOPMENT_TEAM = D433NUFZ5K;
				INFOPLIST_FILE = RealmSantaTracker/Info.plist;
				LD_RUNPATH_SEARCH_PATHS = "$(inherited) @executable_path/Frameworks";
				PRODUCT_BUNDLE_IDENTIFIER = com.keitaito.RealmSantaTracker;
				PRODUCT_NAME = "$(TARGET_NAME)";
				SWIFT_VERSION = 3.0;
			};
			name = Release;
		};
/* End XCBuildConfiguration section */

/* Begin XCConfigurationList section */
		87D3A26A1E0F725E00798B2A /* Build configuration list for PBXProject "RealmSantaTracker" */ = {
			isa = XCConfigurationList;
			buildConfigurations = (
				87D3A27F1E0F725F00798B2A /* Debug */,
				87D3A2801E0F725F00798B2A /* Release */,
			);
			defaultConfigurationIsVisible = 0;
			defaultConfigurationName = Release;
		};
		87D3A2811E0F725F00798B2A /* Build configuration list for PBXNativeTarget "RealmSantaTracker" */ = {
			isa = XCConfigurationList;
			buildConfigurations = (
				87D3A2821E0F725F00798B2A /* Debug */,
				87D3A2831E0F725F00798B2A /* Release */,
			);
			defaultConfigurationIsVisible = 0;
			defaultConfigurationName = Release;
		};
/* End XCConfigurationList section */
	};
	rootObject = 87D3A2671E0F725E00798B2A /* Project object */;
}
